
Microsoft Visual Studio Solution File, Format Version 12.00
# Visual Studio Version 17
VisualStudioVersion = 17.5.002.0
MinimumVisualStudioVersion = 10.0.40219.1
Project("{9A19103F-16F7-4668-BE54-9A1E7A4F7556}") = "administrationapp", "administrationapp\administrationapp.csproj", "{E96FD2F2-ED82-45C5-ABD7-5E00AC80872B}"
EndProject
Global
	GlobalSection(SolutionConfigurationPlatforms) = preSolution
		Debug|Any CPU = Debug|Any CPU
		Release|Any CPU = Release|Any CPU
	EndGlobalSection
	GlobalSection(ProjectConfigurationPlatforms) = postSolution
		{E96FD2F2-ED82-45C5-ABD7-5E00AC80872B}.Debug|Any CPU.ActiveCfg = Debug|Any CPU
		{E96FD2F2-ED82-45C5-ABD7-5E00AC80872B}.Debug|Any CPU.Build.0 = Debug|Any CPU
		{E96FD2F2-ED82-45C5-ABD7-5E00AC80872B}.Release|Any CPU.ActiveCfg = Release|Any CPU
		{E96FD2F2-ED82-45C5-ABD7-5E00AC80872B}.Release|Any CPU.Build.0 = Release|Any CPU
	EndGlobalSection
	GlobalSection(SolutionProperties) = preSolution
		HideSolutionNode = FALSE
	EndGlobalSection
	GlobalSection(ExtensibilityGlobals) = postSolution
		SolutionGuid = {64DE6B9E-4E74-49A1-BF5C-801040200612}
	EndGlobalSection
EndGlobal
